# Generated by pub
# See http://pub.dartlang.org/doc/glossary.html#lockfile
packages:
  browser:
    description: browser
    source: hosted
    version: "0.8.1"
  js:
    description: js
    source: hosted
    version: "0.0.25"
  meta:
    description: meta
    source: hosted
    version: "0.8.1"
  path:
    description: path
    source: hosted
    version: "0.8.1"
  stack_trace:
    description: stack_trace
    source: hosted
    version: "0.8.1"
  unittest:
    description: unittest
    source: hosted
    version: "0.8.1"
